
Microsoft Visual Studio Solution File, Format Version 12.00
# Visual Studio 15
VisualStudioVersion = 15.0.28307.1022
MinimumVisualStudioVersion = 10.0.40219.1
Project("{FAE04EC0-301F-11D3-BF4B-00C04F79EFBC}") = "D365.ConsoleApp", "D365.ConsoleApp\D365.ConsoleApp.csproj", "{D7145F2C-E1F9-4AA4-8D7C-7F4A10532CFB}"
EndProject
Project("{FAE04EC0-301F-11D3-BF4B-00C04F79EFBC}") = "D365.Plugins", "D365.Plugins\D365.Plugins.csproj", "{309BEDF7-B3DC-4056-BC98-34426B493C36}"
EndProject
Project("{2150E333-8FDC-42A3-9474-1A3956D46DE8}") = "Readme", "Readme", "{079D766B-A6CB-4377-8CCD-A3F4DC223EF7}"
	ProjectSection(SolutionItems) = preProject
		Requirements.docx = Requirements.docx
	EndProjectSection
EndProject
Project("{E24C65DC-7377-472B-9ABA-BC803B73C61A}") = "D365.WebResources", "D365.WebResources\", "{09E0D893-4C6B-46B6-AFC9-67D80BF8C221}"
	ProjectSection(WebsiteProperties) = preProject
		TargetFrameworkMoniker = ".NETFramework,Version%3Dv4.6.2"
		Debug.AspNetCompiler.VirtualPath = "/localhost_52997"
		Debug.AspNetCompiler.PhysicalPath = "D365.WebResources\"
		Debug.AspNetCompiler.TargetPath = "PrecompiledWeb\localhost_52997\"
		Debug.AspNetCompiler.Updateable = "true"
		Debug.AspNetCompiler.ForceOverwrite = "true"
		Debug.AspNetCompiler.FixedNames = "false"
		Debug.AspNetCompiler.Debug = "True"
		Release.AspNetCompiler.VirtualPath = "/localhost_52997"
		Release.AspNetCompiler.PhysicalPath = "D365.WebResources\"
		Release.AspNetCompiler.TargetPath = "PrecompiledWeb\localhost_52997\"
		Release.AspNetCompiler.Updateable = "true"
		Release.AspNetCompiler.ForceOverwrite = "true"
		Release.AspNetCompiler.FixedNames = "false"
		Release.AspNetCompiler.Debug = "False"
		VWDPort = "52997"
		SlnRelativePath = "D365.WebResources\"
		DefaultWebSiteLanguage = "Visual C#"
	EndProjectSection
EndProject
Global
	GlobalSection(SolutionConfigurationPlatforms) = preSolution
		Debug|Any CPU = Debug|Any CPU
		Release|Any CPU = Release|Any CPU
	EndGlobalSection
	GlobalSection(ProjectConfigurationPlatforms) = postSolution
		{D7145F2C-E1F9-4AA4-8D7C-7F4A10532CFB}.Debug|Any CPU.ActiveCfg = Debug|Any CPU
		{D7145F2C-E1F9-4AA4-8D7C-7F4A10532CFB}.Debug|Any CPU.Build.0 = Debug|Any CPU
		{D7145F2C-E1F9-4AA4-8D7C-7F4A10532CFB}.Release|Any CPU.ActiveCfg = Release|Any CPU
		{D7145F2C-E1F9-4AA4-8D7C-7F4A10532CFB}.Release|Any CPU.Build.0 = Release|Any CPU
		{309BEDF7-B3DC-4056-BC98-34426B493C36}.Debug|Any CPU.ActiveCfg = Debug|Any CPU
		{309BEDF7-B3DC-4056-BC98-34426B493C36}.Debug|Any CPU.Build.0 = Debug|Any CPU
		{309BEDF7-B3DC-4056-BC98-34426B493C36}.Release|Any CPU.ActiveCfg = Release|Any CPU
		{309BEDF7-B3DC-4056-BC98-34426B493C36}.Release|Any CPU.Build.0 = Release|Any CPU
		{09E0D893-4C6B-46B6-AFC9-67D80BF8C221}.Debug|Any CPU.ActiveCfg = Debug|Any CPU
		{09E0D893-4C6B-46B6-AFC9-67D80BF8C221}.Debug|Any CPU.Build.0 = Debug|Any CPU
		{09E0D893-4C6B-46B6-AFC9-67D80BF8C221}.Release|Any CPU.ActiveCfg = Debug|Any CPU
		{09E0D893-4C6B-46B6-AFC9-67D80BF8C221}.Release|Any CPU.Build.0 = Debug|Any CPU
	EndGlobalSection
	GlobalSection(SolutionProperties) = preSolution
		HideSolutionNode = FALSE
	EndGlobalSection
	GlobalSection(ExtensibilityGlobals) = postSolution
		SolutionGuid = {90BB85A2-B18A-48E8-862D-358F1D4CA3DA}
	EndGlobalSection
EndGlobal
